<?xml version="1.0" encoding="utf-8"?>
<Project ToolsVersion="4.0" xmlns="http://schemas.microsoft.com/developer/msbuild/2003">
  <ItemGroup>
    <Filter Include="Source Files">
      <UniqueIdentifier>{4FC737F1-C7A5-4376-A066-2A32D752A2FF}</UniqueIdentifier>
      <Extensions>cpp;c;cc;cxx;c++;cppm;ixx;def;odl;idl;hpj;bat;asm;asmx</Extensions>
    </Filter>
    <Filter Include="Header Files">
      <UniqueIdentifier>{93995380-89BD-4b04-88EB-625FBE52EBFB}</UniqueIdentifier>
      <Extensions>h;hh;hpp;hxx;h++;hm;inl;inc;ipp;xsd</Extensions>
    </Filter>
    <Filter Include="Resource Files">
      <UniqueIdentifier>{67DA6AB6-F800-4c08-8B7A-83BB121AAD01}</UniqueIdentifier>
      <Extensions>rc;ico;cur;bmp;dlg;rc2;rct;bin;rgs;gif;jpg;jpeg;jpe;resx;tiff;tif;png;wav;mfcribbon-ms</Extensions>
    </Filter>
    <Filter Include="Source Files\MapleStory">
      <UniqueIdentifier>{d14182da-1d2f-4cb4-b98a-f58aba23a9e1}</UniqueIdentifier>
    </Filter>
    <Filter Include="Source Files\BlackCipher">
      <UniqueIdentifier>{93f315fd-81cd-4b6f-8df5-e2a51cbb9360}</UniqueIdentifier>
    </Filter>
    <Filter Include="Source Files\BlackCall">
      <UniqueIdentifier>{5a6385f9-be90-4ed9-aec0-6c643e5fbc9f}</UniqueIdentifier>
    </Filter>
    <Filter Include="Source Files\NexonLauncher">
      <UniqueIdentifier>{05a3e26d-87c6-4f8b-91b4-8edb85acbbcf}</UniqueIdentifier>
    </Filter>
    <Filter Include="Source Files\Patch">
      <UniqueIdentifier>{8d2e4945-2312-492b-bf0e-3efd044e8fc8}</UniqueIdentifier>
    </Filter>
  </ItemGroup>
  <ItemGroup>
    <ClInclude Include="framework.h">
      <Filter>Header Files</Filter>
    </ClInclude>
    <ClInclude Include="MapleStory\MapleStory.h">
      <Filter>Source Files\MapleStory</Filter>
    </ClInclude>
    <ClInclude Include="Patch\PatchManager.h">
      <Filter>Source Files\Patch</Filter>
    </ClInclude>
    <ClInclude Include="Patch\Patch.h">
      <Filter>Source Files\Patch</Filter>
    </ClInclude>
    <ClInclude Include="BlackCipher\BlackCipher.h">
      <Filter>Source Files\BlackCipher</Filter>
    </ClInclude>
    <ClInclude Include="BlackCall\BlackCall.h">
      <Filter>Source Files\BlackCall</Filter>
    </ClInclude>
    <ClInclude Include="NexonLauncher\NexonLauncher.h">
      <Filter>Source Files\NexonLauncher</Filter>
    </ClInclude>
  </ItemGroup>
  <ItemGroup>
    <ClCompile Include="dllmain.cpp">
      <Filter>Source Files</Filter>
    </ClCompile>
    <ClCompile Include="MapleStory\MapleStory.cpp">
      <Filter>Source Files\MapleStory</Filter>
    </ClCompile>
    <ClCompile Include="Patch\PatchManager.cpp">
      <Filter>Source Files\Patch</Filter>
    </ClCompile>
    <ClCompile Include="Patch\Patch.cpp">
      <Filter>Source Files\Patch</Filter>
    </ClCompile>
    <ClCompile Include="BlackCipher\BlackCipher.cpp">
      <Filter>Source Files\BlackCipher</Filter>
    </ClCompile>
    <ClCompile Include="BlackCall\BlackCall.cpp">
      <Filter>Source Files\BlackCall</Filter>
    </ClCompile>
    <ClCompile Include="NexonLauncher\NexonLauncher.cpp">
      <Filter>Source Files\NexonLauncher</Filter>
    </ClCompile>
  </ItemGroup>
  <ItemGroup>
    <None Include="packages.config" />
    <None Include="README.md" />
  </ItemGroup>
</Project>